// !$*UTF8*$!
{
	archiveVersion = 1;
	classes = {
	};
	objectVersion = 50;
	objects = {

/* Begin PBXBuildFile section */
		05399498220FBDEF004D1C2E /* AppDelegate.swift in Sources */ = {isa = PBXBuildFile; fileRef = 05399497220FBDEF004D1C2E /* AppDelegate.swift */; };
		0539949A220FBDEF004D1C2E /* ViewController.swift in Sources */ = {isa = PBXBuildFile; fileRef = 05399499220FBDEF004D1C2E /* ViewController.swift */; };
		0539949D220FBDEF004D1C2E /* Main.storyboard in Resources */ = {isa = PBXBuildFile; fileRef = 0539949B220FBDEF004D1C2E /* Main.storyboard */; };
		0539949F220FBDF1004D1C2E /* Assets.xcassets in Resources */ = {isa = PBXBuildFile; fileRef = 0539949E220FBDF1004D1C2E /* Assets.xcassets */; };
		053994A2220FBDF1004D1C2E /* LaunchScreen.storyboard in Resources */ = {isa = PBXBuildFile; fileRef = 053994A0220FBDF1004D1C2E /* LaunchScreen.storyboard */; };
		053994AA220FBE25004D1C2E /* UIView+Helper.swift in Sources */ = {isa = PBXBuildFile; fileRef = 053994A9220FBE25004D1C2E /* UIView+Helper.swift */; };
		053994AF220FC3C7004D1C2E /* TimeBusinessModel.swift in Sources */ = {isa = PBXBuildFile; fileRef = 053994AE220FC3C7004D1C2E /* TimeBusinessModel.swift */; };
		053994B8220FC611004D1C2E /* ErrorsModel.swift in Sources */ = {isa = PBXBuildFile; fileRef = 053994B7220FC611004D1C2E /* ErrorsModel.swift */; };
		05963358221096CC005AD1AB /* AppConfiguration.swift in Sources */ = {isa = PBXBuildFile; fileRef = 05963357221096CC005AD1AB /* AppConfiguration.swift */; };
		D6370E02F14E76392461169F /* Pods_TakeHomeTest.framework in Frameworks */ = {isa = PBXBuildFile; fileRef = E963C77B1B46AA7518B02C69 /* Pods_TakeHomeTest.framework */; };
/* End PBXBuildFile section */

/* Begin PBXFileReference section */
		05399494220FBDEF004D1C2E /* TakeHomeTest.app */ = {isa = PBXFileReference; explicitFileType = wrapper.application; includeInIndex = 0; path = TakeHomeTest.app; sourceTree = BUILT_PRODUCTS_DIR; };
		05399497220FBDEF004D1C2E /* AppDelegate.swift */ = {isa = PBXFileReference; lastKnownFileType = sourcecode.swift; path = AppDelegate.swift; sourceTree = "<group>"; };
		05399499220FBDEF004D1C2E /* ViewController.swift */ = {isa = PBXFileReference; lastKnownFileType = sourcecode.swift; path = ViewController.swift; sourceTree = "<group>"; };
		0539949C220FBDEF004D1C2E /* Base */ = {isa = PBXFileReference; lastKnownFileType = file.storyboard; name = Base; path = Base.lproj/Main.storyboard; sourceTree = "<group>"; };
		0539949E220FBDF1004D1C2E /* Assets.xcassets */ = {isa = PBXFileReference; lastKnownFileType = folder.assetcatalog; path = Assets.xcassets; sourceTree = "<group>"; };
		053994A1220FBDF1004D1C2E /* Base */ = {isa = PBXFileReference; lastKnownFileType = file.storyboard; name = Base; path = Base.lproj/LaunchScreen.storyboard; sourceTree = "<group>"; };
		053994A3220FBDF1004D1C2E /* Info.plist */ = {isa = PBXFileReference; lastKnownFileType = text.plist.xml; path = Info.plist; sourceTree = "<group>"; };
		053994A9220FBE25004D1C2E /* UIView+Helper.swift */ = {isa = PBXFileReference; lastKnownFileType = sourcecode.swift; path = "UIView+Helper.swift"; sourceTree = "<group>"; };
		053994AE220FC3C7004D1C2E /* TimeBusinessModel.swift */ = {isa = PBXFileReference; lastKnownFileType = sourcecode.swift; path = TimeBusinessModel.swift; sourceTree = "<group>"; };
		053994B7220FC611004D1C2E /* ErrorsModel.swift */ = {isa = PBXFileReference; fileEncoding = 4; lastKnownFileType = sourcecode.swift; path = ErrorsModel.swift; sourceTree = "<group>"; };
		05963357221096CC005AD1AB /* AppConfiguration.swift */ = {isa = PBXFileReference; fileEncoding = 4; lastKnownFileType = sourcecode.swift; path = AppConfiguration.swift; sourceTree = "<group>"; };
		1A3735F3B33AB20145F7C87A /* Pods-TakeHomeTest.debug.xcconfig */ = {isa = PBXFileReference; includeInIndex = 1; lastKnownFileType = text.xcconfig; name = "Pods-TakeHomeTest.debug.xcconfig"; path = "Target Support Files/Pods-TakeHomeTest/Pods-TakeHomeTest.debug.xcconfig"; sourceTree = "<group>"; };
		7A19DBF1BEE51577D5572299 /* Pods-TakeHomeTest.release.xcconfig */ = {isa = PBXFileReference; includeInIndex = 1; lastKnownFileType = text.xcconfig; name = "Pods-TakeHomeTest.release.xcconfig"; path = "Target Support Files/Pods-TakeHomeTest/Pods-TakeHomeTest.release.xcconfig"; sourceTree = "<group>"; };
		E963C77B1B46AA7518B02C69 /* Pods_TakeHomeTest.framework */ = {isa = PBXFileReference; explicitFileType = wrapper.framework; includeInIndex = 0; path = Pods_TakeHomeTest.framework; sourceTree = BUILT_PRODUCTS_DIR; };
/* End PBXFileReference section */

/* Begin PBXFrameworksBuildPhase section */
		05399491220FBDEF004D1C2E /* Frameworks */ = {
			isa = PBXFrameworksBuildPhase;
			buildActionMask = 2147483647;
			files = (
				D6370E02F14E76392461169F /* Pods_TakeHomeTest.framework in Frameworks */,
			);
			runOnlyForDeploymentPostprocessing = 0;
		};
/* End PBXFrameworksBuildPhase section */

/* Begin PBXGroup section */
		0539948B220FBDEF004D1C2E = {
			isa = PBXGroup;
			children = (
				05399496220FBDEF004D1C2E /* TakeHomeTest */,
				05399495220FBDEF004D1C2E /* Products */,
				3EE791500C97260664E46606 /* Pods */,
				A47A91513E6D96EB08470C5B /* Frameworks */,
			);
			sourceTree = "<group>";
		};
		05399495220FBDEF004D1C2E /* Products */ = {
			isa = PBXGroup;
			children = (
				05399494220FBDEF004D1C2E /* TakeHomeTest.app */,
			);
			name = Products;
			sourceTree = "<group>";
		};
		05399496220FBDEF004D1C2E /* TakeHomeTest */ = {
			isa = PBXGroup;
			children = (
				053994B6220FC5BF004D1C2E /* Model */,
				05399497220FBDEF004D1C2E /* AppDelegate.swift */,
				05399499220FBDEF004D1C2E /* ViewController.swift */,
				0539949B220FBDEF004D1C2E /* Main.storyboard */,
				0539949E220FBDF1004D1C2E /* Assets.xcassets */,
				053994A0220FBDF1004D1C2E /* LaunchScreen.storyboard */,
				053994A3220FBDF1004D1C2E /* Info.plist */,
				053994A9220FBE25004D1C2E /* UIView+Helper.swift */,
			);
			path = TakeHomeTest;
			sourceTree = "<group>";
		};
		053994B6220FC5BF004D1C2E /* Model */ = {
			isa = PBXGroup;
			children = (
				05963357221096CC005AD1AB /* AppConfiguration.swift */,
				053994B7220FC611004D1C2E /* ErrorsModel.swift */,
				053994AE220FC3C7004D1C2E /* TimeBusinessModel.swift */,
			);
			path = Model;
			sourceTree = "<group>";
		};
		3EE791500C97260664E46606 /* Pods */ = {
			isa = PBXGroup;
			children = (
				1A3735F3B33AB20145F7C87A /* Pods-TakeHomeTest.debug.xcconfig */,
				7A19DBF1BEE51577D5572299 /* Pods-TakeHomeTest.release.xcconfig */,
			);
			path = Pods;
			sourceTree = "<group>";
		};
		A47A91513E6D96EB08470C5B /* Frameworks */ = {
			isa = PBXGroup;
			children = (
				E963C77B1B46AA7518B02C69 /* Pods_TakeHomeTest.framework */,
			);
			name = Frameworks;
			sourceTree = "<group>";
		};
/* End PBXGroup section */

/* Begin PBXNativeTarget section */
		05399493220FBDEF004D1C2E /* TakeHomeTest */ = {
			isa = PBXNativeTarget;
			buildConfigurationList = 053994A6220FBDF1004D1C2E /* Build configuration list for PBXNativeTarget "TakeHomeTest" */;
			buildPhases = (
				6B3ADB519C2E1251F4163683 /* [CP] Check Pods Manifest.lock */,
				05399490220FBDEF004D1C2E /* Sources */,
				05399491220FBDEF004D1C2E /* Frameworks */,
				05399492220FBDEF004D1C2E /* Resources */,
				A8409AF5ECE8B83B455DC5F6 /* [CP] Embed Pods Frameworks */,
			);
			buildRules = (
			);
			dependencies = (
			);
			name = TakeHomeTest;
			productName = TakeHomeTest;
			productReference = 05399494220FBDEF004D1C2E /* TakeHomeTest.app */;
			productType = "com.apple.product-type.application";
		};
/* End PBXNativeTarget section */

/* Begin PBXProject section */
		0539948C220FBDEF004D1C2E /* Project object */ = {
			isa = PBXProject;
			attributes = {
				LastSwiftUpdateCheck = 1010;
				LastUpgradeCheck = 1010;
				ORGANIZATIONNAME = Test;
				TargetAttributes = {
					05399493220FBDEF004D1C2E = {
						CreatedOnToolsVersion = 10.1;
					};
				};
			};
			buildConfigurationList = 0539948F220FBDEF004D1C2E /* Build configuration list for PBXProject "TakeHomeTest" */;
			compatibilityVersion = "Xcode 9.3";
			developmentRegion = en;
			hasScannedForEncodings = 0;
			knownRegions = (
				en,
				Base,
			);
			mainGroup = 0539948B220FBDEF004D1C2E;
			productRefGroup = 05399495220FBDEF004D1C2E /* Products */;
			projectDirPath = "";
			projectRoot = "";
			targets = (
				05399493220FBDEF004D1C2E /* TakeHomeTest */,
			);
		};
/* End PBXProject section */

/* Begin PBXResourcesBuildPhase section */
		05399492220FBDEF004D1C2E /* Resources */ = {
			isa = PBXResourcesBuildPhase;
			buildActionMask = 2147483647;
			files = (
				053994A2220FBDF1004D1C2E /* LaunchScreen.storyboard in Resources */,
				0539949F220FBDF1004D1C2E /* Assets.xcassets in Resources */,
				0539949D220FBDEF004D1C2E /* Main.storyboard in Resources */,
			);
			runOnlyForDeploymentPostprocessing = 0;
		};
/* End PBXResourcesBuildPhase section */

/* Begin PBXShellScriptBuildPhase section */
		6B3ADB519C2E1251F4163683 /* [CP] Check Pods Manifest.lock */ = {
			isa = PBXShellScriptBuildPhase;
			buildActionMask = 2147483647;
			files = (
			);
			inputFileListPaths = (
			);
			inputPaths = (
				"${PODS_PODFILE_DIR_PATH}/Podfile.lock",
				"${PODS_ROOT}/Manifest.lock",
			);
			name = "[CP] Check Pods Manifest.lock";
			outputFileListPaths = (
			);
			outputPaths = (
				"$(DERIVED_FILE_DIR)/Pods-TakeHomeTest-checkManifestLockResult.txt",
			);
			runOnlyForDeploymentPostprocessing = 0;
			shellPath = /bin/sh;
			shellScript = "diff \"${PODS_PODFILE_DIR_PATH}/Podfile.lock\" \"${PODS_ROOT}/Manifest.lock\" > /dev/null\nif [ $? != 0 ] ; then\n    # print error to STDERR\n    echo \"error: The sandbox is not in sync with the Podfile.lock. Run 'pod install' or update your CocoaPods installation.\" >&2\n    exit 1\nfi\n# This output is used by Xcode 'outputs' to avoid re-running this script phase.\necho \"SUCCESS\" > \"${SCRIPT_OUTPUT_FILE_0}\"\n";
			showEnvVarsInLog = 0;
		};
		A8409AF5ECE8B83B455DC5F6 /* [CP] Embed Pods Frameworks */ = {
			isa = PBXShellScriptBuildPhase;
			buildActionMask = 2147483647;
			files = (
			);
			inputFileListPaths = (
			);
			inputPaths = (
				"${PODS_ROOT}/Target Support Files/Pods-TakeHomeTest/Pods-TakeHomeTest-frameworks.sh",
				"${BUILT_PRODUCTS_DIR}/Alamofire/Alamofire.framework",
				"${BUILT_PRODUCTS_DIR}/RxAlamofire/RxAlamofire.framework",
				"${BUILT_PRODUCTS_DIR}/RxAtomic/RxAtomic.framework",
				"${BUILT_PRODUCTS_DIR}/RxCocoa/RxCocoa.framework",
				"${BUILT_PRODUCTS_DIR}/RxSwift/RxSwift.framework",
				"${BUILT_PRODUCTS_DIR}/SnapKit/SnapKit.framework",
				"${BUILT_PRODUCTS_DIR}/SwiftyJSON/SwiftyJSON.framework",
			);
			name = "[CP] Embed Pods Frameworks";
			outputFileListPaths = (
			);
			outputPaths = (
				"${TARGET_BUILD_DIR}/${FRAMEWORKS_FOLDER_PATH}/Alamofire.framework",
				"${TARGET_BUILD_DIR}/${FRAMEWORKS_FOLDER_PATH}/RxAlamofire.framework",
				"${TARGET_BUILD_DIR}/${FRAMEWORKS_FOLDER_PATH}/RxAtomic.framework",
				"${TARGET_BUILD_DIR}/${FRAMEWORKS_FOLDER_PATH}/RxCocoa.framework",
				"${TARGET_BUILD_DIR}/${FRAMEWORKS_FOLDER_PATH}/RxSwift.framework",
				"${TARGET_BUILD_DIR}/${FRAMEWORKS_FOLDER_PATH}/SnapKit.framework",
				"${TARGET_BUILD_DIR}/${FRAMEWORKS_FOLDER_PATH}/SwiftyJSON.framework",
			);
			runOnlyForDeploymentPostprocessing = 0;
			shellPath = /bin/sh;
			shellScript = "\"${PODS_ROOT}/Target Support Files/Pods-TakeHomeTest/Pods-TakeHomeTest-frameworks.sh\"\n";
			showEnvVarsInLog = 0;
		};
/* End PBXShellScriptBuildPhase section */

/* Begin PBXSourcesBuildPhase section */
		05399490220FBDEF004D1C2E /* Sources */ = {
			isa = PBXSourcesBuildPhase;
			buildActionMask = 2147483647;
			files = (
				05963358221096CC005AD1AB /* AppConfiguration.swift in Sources */,
				0539949A220FBDEF004D1C2E /* ViewController.swift in Sources */,
				053994AA220FBE25004D1C2E /* UIView+Helper.swift in Sources */,
				053994B8220FC611004D1C2E /* ErrorsModel.swift in Sources */,
				053994AF220FC3C7004D1C2E /* TimeBusinessModel.swift in Sources */,
				05399498220FBDEF004D1C2E /* AppDelegate.swift in Sources */,
			);
			runOnlyForDeploymentPostprocessing = 0;
		};
/* End PBXSourcesBuildPhase section */

/* Begin PBXVariantGroup section */
		0539949B220FBDEF004D1C2E /* Main.storyboard */ = {
			isa = PBXVariantGroup;
			children = (
				0539949C220FBDEF004D1C2E /* Base */,
			);
			name = Main.storyboard;
			sourceTree = "<group>";
		};
		053994A0220FBDF1004D1C2E /* LaunchScreen.storyboard */ = {
			isa = PBXVariantGroup;
			children = (
				053994A1220FBDF1004D1C2E /* Base */,
			);
			name = LaunchScreen.storyboard;
			sourceTree = "<group>";
		};
/* End PBXVariantGroup section */

/* Begin XCBuildConfiguration section */
		053994A4220FBDF1004D1C2E /* Debug */ = {
			isa = XCBuildConfiguration;
			buildSettings = {
				ALWAYS_SEARCH_USER_PATHS = NO;
				CLANG_ANALYZER_NONNULL = YES;
				CLANG_ANALYZER_NUMBER_OBJECT_CONVERSION = YES_AGGRESSIVE;
				CLANG_CXX_LANGUAGE_STANDARD = "gnu++14";
				CLANG_CXX_LIBRARY = "libc++";
				CLANG_ENABLE_MODULES = YES;
				CLANG_ENABLE_OBJC_ARC = YES;
				CLANG_ENABLE_OBJC_WEAK = YES;
				CLANG_WARN_BLOCK_CAPTURE_AUTORELEASING = YES;
				CLANG_WARN_BOOL_CONVERSION = YES;
				CLANG_WARN_COMMA = YES;
				CLANG_WARN_CONSTANT_CONVERSION = YES;
				CLANG_WARN_DEPRECATED_OBJC_IMPLEMENTATIONS = YES;
				CLANG_WARN_DIRECT_OBJC_ISA_USAGE = YES_ERROR;
				CLANG_WARN_DOCUMENTATION_COMMENTS = YES;
				CLANG_WARN_EMPTY_BODY = YES;
				CLANG_WARN_ENUM_CONVERSION = YES;
				CLANG_WARN_INFINITE_RECURSION = YES;
				CLANG_WARN_INT_CONVERSION = YES;
				CLANG_WARN_NON_LITERAL_NULL_CONVERSION = YES;
				CLANG_WARN_OBJC_IMPLICIT_RETAIN_SELF = YES;
				CLANG_WARN_OBJC_LITERAL_CONVERSION = YES;
				CLANG_WARN_OBJC_ROOT_CLASS = YES_ERROR;
				CLANG_WARN_RANGE_LOOP_ANALYSIS = YES;
				CLANG_WARN_STRICT_PROTOTYPES = YES;
				CLANG_WARN_SUSPICIOUS_MOVE = YES;
				CLANG_WARN_UNGUARDED_AVAILABILITY = YES_AGGRESSIVE;
				CLANG_WARN_UNREACHABLE_CODE = YES;
				CLANG_WARN__DUPLICATE_METHOD_MATCH = YES;
				CODE_SIGN_IDENTITY = "iPhone Developer";
				COPY_PHASE_STRIP = NO;
				DEBUG_INFORMATION_FORMAT = dwarf;
				ENABLE_STRICT_OBJC_MSGSEND = YES;
				ENABLE_TESTABILITY = YES;
				GCC_C_LANGUAGE_STANDARD = gnu11;
				GCC_DYNAMIC_NO_PIC = NO;
				GCC_NO_COMMON_BLOCKS = YES;
				GCC_OPTIMIZATION_LEVEL = 0;
				GCC_PREPROCESSOR_DEFINITIONS = (
					"DEBUG=1",
					"$(inherited)",
				);
				GCC_WARN_64_TO_32_BIT_CONVERSION = YES;
				GCC_WARN_ABOUT_RETURN_TYPE = YES_ERROR;
				GCC_WARN_UNDECLARED_SELECTOR = YES;
				GCC_WARN_UNINITIALIZED_AUTOS = YES_AGGRESSIVE;
				GCC_WARN_UNUSED_FUNCTION = YES;
				GCC_WARN_UNUSED_VARIABLE = YES;
				IPHONEOS_DEPLOYMENT_TARGET = 12.1;
				MTL_ENABLE_DEBUG_INFO = INCLUDE_SOURCE;
				MTL_FAST_MATH = YES;
				ONLY_ACTIVE_ARCH = YES;
				SDKROOT = iphoneos;
				SWIFT_ACTIVE_COMPILATION_CONDITIONS = DEBUG;
				SWIFT_OPTIMIZATION_LEVEL = "-Onone";
			};
			name = Debug;
		};
		053994A5220FBDF1004D1C2E /* Release */ = {
			isa = XCBuildConfiguration;
			buildSettings = {
				ALWAYS_SEARCH_USER_PATHS = NO;
				CLANG_ANALYZER_NONNULL = YES;
				CLANG_ANALYZER_NUMBER_OBJECT_CONVERSION = YES_AGGRESSIVE;
				CLANG_CXX_LANGUAGE_STANDARD = "gnu++14";
				CLANG_CXX_LIBRARY = "libc++";
				CLANG_ENABLE_MODULES = YES;
				CLANG_ENABLE_OBJC_ARC = YES;
				CLANG_ENABLE_OBJC_WEAK = YES;
				CLANG_WARN_BLOCK_CAPTURE_AUTORELEASING = YES;
				CLANG_WARN_BOOL_CONVERSION = YES;
				CLANG_WARN_COMMA = YES;
				CLANG_WARN_CONSTANT_CONVERSION = YES;
				CLANG_WARN_DEPRECATED_OBJC_IMPLEMENTATIONS = YES;
				CLANG_WARN_DIRECT_OBJC_ISA_USAGE = YES_ERROR;
				CLANG_WARN_DOCUMENTATION_COMMENTS = YES;
				CLANG_WARN_EMPTY_BODY = YES;
				CLANG_WARN_ENUM_CONVERSION = YES;
				CLANG_WARN_INFINITE_RECURSION = YES;
				CLANG_WARN_INT_CONVERSION = YES;
				CLANG_WARN_NON_LITERAL_NULL_CONVERSION = YES;
				CLANG_WARN_OBJC_IMPLICIT_RETAIN_SELF = YES;
				CLANG_WARN_OBJC_LITERAL_CONVERSION = YES;
				CLANG_WARN_OBJC_ROOT_CLASS = YES_ERROR;
				CLANG_WARN_RANGE_LOOP_ANALYSIS = YES;
				CLANG_WARN_STRICT_PROTOTYPES = YES;
				CLANG_WARN_SUSPICIOUS_MOVE = YES;
				CLANG_WARN_UNGUARDED_AVAILABILITY = YES_AGGRESSIVE;
				CLANG_WARN_UNREACHABLE_CODE = YES;
				CLANG_WARN__DUPLICATE_METHOD_MATCH = YES;
				CODE_SIGN_IDENTITY = "iPhone Developer";
				COPY_PHASE_STRIP = NO;
				DEBUG_INFORMATION_FORMAT = "dwarf-with-dsym";
				ENABLE_NS_ASSERTIONS = NO;
				ENABLE_STRICT_OBJC_MSGSEND = YES;
				GCC_C_LANGUAGE_STANDARD = gnu11;
				GCC_NO_COMMON_BLOCKS = YES;
				GCC_WARN_64_TO_32_BIT_CONVERSION = YES;
				GCC_WARN_ABOUT_RETURN_TYPE = YES_ERROR;
				GCC_WARN_UNDECLARED_SELECTOR = YES;
				GCC_WARN_UNINITIALIZED_AUTOS = YES_AGGRESSIVE;
				GCC_WARN_UNUSED_FUNCTION = YES;
				GCC_WARN_UNUSED_VARIABLE = YES;
				IPHONEOS_DEPLOYMENT_TARGET = 12.1;
				MTL_ENABLE_DEBUG_INFO = NO;
				MTL_FAST_MATH = YES;
				SDKROOT = iphoneos;
				SWIFT_COMPILATION_MODE = wholemodule;
				SWIFT_OPTIMIZATION_LEVEL = "-O";
				VALIDATE_PRODUCT = YES;
			};
			name = Release;
		};
		053994A7220FBDF1004D1C2E /* Debug */ = {
			isa = XCBuildConfiguration;
			baseConfigurationReference = 1A3735F3B33AB20145F7C87A /* Pods-TakeHomeTest.debug.xcconfig */;
			buildSettings = {
				ASSETCATALOG_COMPILER_APPICON_NAME = AppIcon;
				CODE_SIGN_STYLE = Automatic;
				DEVELOPMENT_TEAM = E4YL2MG9YD;
				INFOPLIST_FILE = TakeHomeTest/Info.plist;
				LD_RUNPATH_SEARCH_PATHS = (
					"$(inherited)",
					"@executable_path/Frameworks",
				);
				PRODUCT_BUNDLE_IDENTIFIER = Plastic.TakeHomeTest;
				PRODUCT_NAME = "$(TARGET_NAME)";
				SWIFT_VERSION = 4.2;
				TARGETED_DEVICE_FAMILY = "1,2";
			};
			name = Debug;
		};
		053994A8220FBDF1004D1C2E /* Release */ = {
			isa = XCBuildConfiguration;
			baseConfigurationReference = 7A19DBF1BEE51577D5572299 /* Pods-TakeHomeTest.release.xcconfig */;
			buildSettings = {
				ASSETCATALOG_COMPILER_APPICON_NAME = AppIcon;
				CODE_SIGN_STYLE = Automatic;
				DEVELOPMENT_TEAM = E4YL2MG9YD;
				INFOPLIST_FILE = TakeHomeTest/Info.plist;
				LD_RUNPATH_SEARCH_PATHS = (
					"$(inherited)",
					"@executable_path/Frameworks",
				);
				PRODUCT_BUNDLE_IDENTIFIER = Plastic.TakeHomeTest;
				PRODUCT_NAME = "$(TARGET_NAME)";
				SWIFT_VERSION = 4.2;
				TARGETED_DEVICE_FAMILY = "1,2";
			};
			name = Release;
		};
/* End XCBuildConfiguration section */

/* Begin XCConfigurationList section */
		0539948F220FBDEF004D1C2E /* Build configuration list for PBXProject "TakeHomeTest" */ = {
			isa = XCConfigurationList;
			buildConfigurations = (
				053994A4220FBDF1004D1C2E /* Debug */,
				053994A5220FBDF1004D1C2E /* Release */,
			);
			defaultConfigurationIsVisible = 0;
			defaultConfigurationName = Release;
		};
		053994A6220FBDF1004D1C2E /* Build configuration list for PBXNativeTarget "TakeHomeTest" */ = {
			isa = XCConfigurationList;
			buildConfigurations = (
				053994A7220FBDF1004D1C2E /* Debug */,
				053994A8220FBDF1004D1C2E /* Release */,
			);
			defaultConfigurationIsVisible = 0;
			defaultConfigurationName = Release;
		};
/* End XCConfigurationList section */
	};
	rootObject = 0539948C220FBDEF004D1C2E /* Project object */;
}
